// !$*UTF8*$!
{
	archiveVersion = 1;
	classes = {
	};
	objectVersion = 56;
	objects = {

/* Begin PBXBuildFile section */
		75BCCB982C6E0F0200B132FB /* STTextView-Plugin-Neon in Frameworks */ = {isa = PBXBuildFile; productRef = 75BCCB972C6E0F0200B132FB /* STTextView-Plugin-Neon */; };
		75BCCB9A2C6E0F0200B132FB /* STTextView in Frameworks */ = {isa = PBXBuildFile; productRef = 75BCCB992C6E0F0200B132FB /* STTextView */; };
		8A4DB2822ACEDB4600757685 /* DemoAppSwiftUIApp.swift in Sources */ = {isa = PBXBuildFile; fileRef = 8A4DB2812ACEDB4600757685 /* DemoAppSwiftUIApp.swift */; };
		8A4DB2842ACEDB4600757685 /* ContentView.swift in Sources */ = {isa = PBXBuildFile; fileRef = 8A4DB2832ACEDB4600757685 /* ContentView.swift */; };
		8A4DB2862ACEDB4700757685 /* Assets.xcassets in Resources */ = {isa = PBXBuildFile; fileRef = 8A4DB2852ACEDB4700757685 /* Assets.xcassets */; };
		8A4DB2892ACEDB4700757685 /* Preview Assets.xcassets in Resources */ = {isa = PBXBuildFile; fileRef = 8A4DB2882ACEDB4700757685 /* Preview Assets.xcassets */; };
/* End PBXBuildFile section */

/* Begin PBXFileReference section */
		75C5C2872ACF2BC900514ADD /* STTextView-Plugin-Neon */ = {isa = PBXFileReference; lastKnownFileType = wrapper; name = "STTextView-Plugin-Neon"; path = ..; sourceTree = "<group>"; };
		8A4DB27E2ACEDB4600757685 /* DemoAppSwiftUI.app */ = {isa = PBXFileReference; explicitFileType = wrapper.application; includeInIndex = 0; path = DemoAppSwiftUI.app; sourceTree = BUILT_PRODUCTS_DIR; };
		8A4DB2812ACEDB4600757685 /* DemoAppSwiftUIApp.swift */ = {isa = PBXFileReference; lastKnownFileType = sourcecode.swift; path = DemoAppSwiftUIApp.swift; sourceTree = "<group>"; };
		8A4DB2832ACEDB4600757685 /* ContentView.swift */ = {isa = PBXFileReference; lastKnownFileType = sourcecode.swift; path = ContentView.swift; sourceTree = "<group>"; };
		8A4DB2852ACEDB4700757685 /* Assets.xcassets */ = {isa = PBXFileReference; lastKnownFileType = folder.assetcatalog; path = Assets.xcassets; sourceTree = "<group>"; };
		8A4DB2882ACEDB4700757685 /* Preview Assets.xcassets */ = {isa = PBXFileReference; lastKnownFileType = folder.assetcatalog; path = "Preview Assets.xcassets"; sourceTree = "<group>"; };
		8A4DB28A2ACEDB4700757685 /* DemoAppSwiftUI.entitlements */ = {isa = PBXFileReference; lastKnownFileType = text.plist.entitlements; path = DemoAppSwiftUI.entitlements; sourceTree = "<group>"; };
/* End PBXFileReference section */

/* Begin PBXFrameworksBuildPhase section */
		8A4DB27B2ACEDB4600757685 /* Frameworks */ = {
			isa = PBXFrameworksBuildPhase;
			buildActionMask = 2147483647;
			files = (
				75BCCB982C6E0F0200B132FB /* STTextView-Plugin-Neon in Frameworks */,
				75BCCB9A2C6E0F0200B132FB /* STTextView in Frameworks */,
			);
			runOnlyForDeploymentPostprocessing = 0;
		};
/* End PBXFrameworksBuildPhase section */

/* Begin PBXGroup section */
		75CB31002ACF2A46007E814A /* Frameworks */ = {
			isa = PBXGroup;
			children = (
			);
			name = Frameworks;
			sourceTree = "<group>";
		};
		8A4DB2752ACEDB4600757685 = {
			isa = PBXGroup;
			children = (
				75C5C2872ACF2BC900514ADD /* STTextView-Plugin-Neon */,
				8A4DB2802ACEDB4600757685 /* DemoAppSwiftUI */,
				8A4DB27F2ACEDB4600757685 /* Products */,
				75CB31002ACF2A46007E814A /* Frameworks */,
			);
			sourceTree = "<group>";
		};
		8A4DB27F2ACEDB4600757685 /* Products */ = {
			isa = PBXGroup;
			children = (
				8A4DB27E2ACEDB4600757685 /* DemoAppSwiftUI.app */,
			);
			name = Products;
			sourceTree = "<group>";
		};
		8A4DB2802ACEDB4600757685 /* DemoAppSwiftUI */ = {
			isa = PBXGroup;
			children = (
				8A4DB2812ACEDB4600757685 /* DemoAppSwiftUIApp.swift */,
				8A4DB2832ACEDB4600757685 /* ContentView.swift */,
				8A4DB2852ACEDB4700757685 /* Assets.xcassets */,
				8A4DB28A2ACEDB4700757685 /* DemoAppSwiftUI.entitlements */,
				8A4DB2872ACEDB4700757685 /* Preview Content */,
			);
			path = DemoAppSwiftUI;
			sourceTree = "<group>";
		};
		8A4DB2872ACEDB4700757685 /* Preview Content */ = {
			isa = PBXGroup;
			children = (
				8A4DB2882ACEDB4700757685 /* Preview Assets.xcassets */,
			);
			path = "Preview Content";
			sourceTree = "<group>";
		};
/* End PBXGroup section */

/* Begin PBXNativeTarget section */
		8A4DB27D2ACEDB4600757685 /* DemoAppSwiftUI */ = {
			isa = PBXNativeTarget;
			buildConfigurationList = 8A4DB28D2ACEDB4700757685 /* Build configuration list for PBXNativeTarget "DemoAppSwiftUI" */;
			buildPhases = (
				8A4DB27A2ACEDB4600757685 /* Sources */,
				8A4DB27B2ACEDB4600757685 /* Frameworks */,
				8A4DB27C2ACEDB4600757685 /* Resources */,
			);
			buildRules = (
			);
			dependencies = (
			);
			name = DemoAppSwiftUI;
			packageProductDependencies = (
				75BCCB972C6E0F0200B132FB /* STTextView-Plugin-Neon */,
				75BCCB992C6E0F0200B132FB /* STTextView */,
			);
			productName = DemoAppSwiftUI;
			productReference = 8A4DB27E2ACEDB4600757685 /* DemoAppSwiftUI.app */;
			productType = "com.apple.product-type.application";
		};
/* End PBXNativeTarget section */

/* Begin PBXProject section */
		8A4DB2762ACEDB4600757685 /* Project object */ = {
			isa = PBXProject;
			attributes = {
				BuildIndependentTargetsInParallel = 1;
				LastSwiftUpdateCheck = 1500;
				LastUpgradeCheck = 1500;
				TargetAttributes = {
					8A4DB27D2ACEDB4600757685 = {
						CreatedOnToolsVersion = 15.0;
					};
				};
			};
			buildConfigurationList = 8A4DB2792ACEDB4600757685 /* Build configuration list for PBXProject "DemoAppSwiftUI" */;
			compatibilityVersion = "Xcode 14.0";
			developmentRegion = en;
			hasScannedForEncodings = 0;
			knownRegions = (
				en,
				Base,
			);
			mainGroup = 8A4DB2752ACEDB4600757685;
			packageReferences = (
				75CB31032ACF2A60007E814A /* XCRemoteSwiftPackageReference "STTextView" */,
			);
			productRefGroup = 8A4DB27F2ACEDB4600757685 /* Products */;
			projectDirPath = "";
			projectRoot = "";
			targets = (
				8A4DB27D2ACEDB4600757685 /* DemoAppSwiftUI */,
			);
		};
/* End PBXProject section */

/* Begin PBXResourcesBuildPhase section */
		8A4DB27C2ACEDB4600757685 /* Resources */ = {
			isa = PBXResourcesBuildPhase;
			buildActionMask = 2147483647;
			files = (
				8A4DB2892ACEDB4700757685 /* Preview Assets.xcassets in Resources */,
				8A4DB2862ACEDB4700757685 /* Assets.xcassets in Resources */,
			);
			runOnlyForDeploymentPostprocessing = 0;
		};
/* End PBXResourcesBuildPhase section */

/* Begin PBXSourcesBuildPhase section */
		8A4DB27A2ACEDB4600757685 /* Sources */ = {
			isa = PBXSourcesBuildPhase;
			buildActionMask = 2147483647;
			files = (
				8A4DB2842ACEDB4600757685 /* ContentView.swift in Sources */,
				8A4DB2822ACEDB4600757685 /* DemoAppSwiftUIApp.swift in Sources */,
			);
			runOnlyForDeploymentPostprocessing = 0;
		};
/* End PBXSourcesBuildPhase section */

/* Begin XCBuildConfiguration section */
		8A4DB28B2ACEDB4700757685 /* Debug */ = {
			isa = XCBuildConfiguration;
			buildSettings = {
				ALWAYS_SEARCH_USER_PATHS = NO;
				ASSETCATALOG_COMPILER_GENERATE_SWIFT_ASSET_SYMBOL_EXTENSIONS = YES;
				CLANG_ANALYZER_NONNULL = YES;
				CLANG_ANALYZER_NUMBER_OBJECT_CONVERSION = YES_AGGRESSIVE;
				CLANG_CXX_LANGUAGE_STANDARD = "gnu++20";
				CLANG_ENABLE_MODULES = YES;
				CLANG_ENABLE_OBJC_ARC = YES;
				CLANG_ENABLE_OBJC_WEAK = YES;
				CLANG_WARN_BLOCK_CAPTURE_AUTORELEASING = YES;
				CLANG_WARN_BOOL_CONVERSION = YES;
				CLANG_WARN_COMMA = YES;
				CLANG_WARN_CONSTANT_CONVERSION = YES;
				CLANG_WARN_DEPRECATED_OBJC_IMPLEMENTATIONS = YES;
				CLANG_WARN_DIRECT_OBJC_ISA_USAGE = YES_ERROR;
				CLANG_WARN_DOCUMENTATION_COMMENTS = YES;
				CLANG_WARN_EMPTY_BODY = YES;
				CLANG_WARN_ENUM_CONVERSION = YES;
				CLANG_WARN_INFINITE_RECURSION = YES;
				CLANG_WARN_INT_CONVERSION = YES;
				CLANG_WARN_NON_LITERAL_NULL_CONVERSION = YES;
				CLANG_WARN_OBJC_IMPLICIT_RETAIN_SELF = YES;
				CLANG_WARN_OBJC_LITERAL_CONVERSION = YES;
				CLANG_WARN_OBJC_ROOT_CLASS = YES_ERROR;
				CLANG_WARN_QUOTED_INCLUDE_IN_FRAMEWORK_HEADER = YES;
				CLANG_WARN_RANGE_LOOP_ANALYSIS = YES;
				CLANG_WARN_STRICT_PROTOTYPES = YES;
				CLANG_WARN_SUSPICIOUS_MOVE = YES;
				CLANG_WARN_UNGUARDED_AVAILABILITY = YES_AGGRESSIVE;
				CLANG_WARN_UNREACHABLE_CODE = YES;
				CLANG_WARN__DUPLICATE_METHOD_MATCH = YES;
				COPY_PHASE_STRIP = NO;
				DEBUG_INFORMATION_FORMAT = dwarf;
				ENABLE_STRICT_OBJC_MSGSEND = YES;
				ENABLE_TESTABILITY = YES;
				ENABLE_USER_SCRIPT_SANDBOXING = YES;
				GCC_C_LANGUAGE_STANDARD = gnu17;
				GCC_DYNAMIC_NO_PIC = NO;
				GCC_NO_COMMON_BLOCKS = YES;
				GCC_OPTIMIZATION_LEVEL = 0;
				GCC_PREPROCESSOR_DEFINITIONS = (
					"DEBUG=1",
					"$(inherited)",
				);
				GCC_WARN_64_TO_32_BIT_CONVERSION = YES;
				GCC_WARN_ABOUT_RETURN_TYPE = YES_ERROR;
				GCC_WARN_UNDECLARED_SELECTOR = YES;
				GCC_WARN_UNINITIALIZED_AUTOS = YES_AGGRESSIVE;
				GCC_WARN_UNUSED_FUNCTION = YES;
				GCC_WARN_UNUSED_VARIABLE = YES;
				LOCALIZATION_PREFERS_STRING_CATALOGS = YES;
				MACOSX_DEPLOYMENT_TARGET = 13.0;
				MTL_ENABLE_DEBUG_INFO = INCLUDE_SOURCE;
				MTL_FAST_MATH = YES;
				ONLY_ACTIVE_ARCH = YES;
				SDKROOT = macosx;
				SWIFT_ACTIVE_COMPILATION_CONDITIONS = "DEBUG $(inherited)";
				SWIFT_OPTIMIZATION_LEVEL = "-Onone";
			};
			name = Debug;
		};
		8A4DB28C2ACEDB4700757685 /* Release */ = {
			isa = XCBuildConfiguration;
			buildSettings = {
				ALWAYS_SEARCH_USER_PATHS = NO;
				ASSETCATALOG_COMPILER_GENERATE_SWIFT_ASSET_SYMBOL_EXTENSIONS = YES;
				CLANG_ANALYZER_NONNULL = YES;
				CLANG_ANALYZER_NUMBER_OBJECT_CONVERSION = YES_AGGRESSIVE;
				CLANG_CXX_LANGUAGE_STANDARD = "gnu++20";
				CLANG_ENABLE_MODULES = YES;
				CLANG_ENABLE_OBJC_ARC = YES;
				CLANG_ENABLE_OBJC_WEAK = YES;
				CLANG_WARN_BLOCK_CAPTURE_AUTORELEASING = YES;
				CLANG_WARN_BOOL_CONVERSION = YES;
				CLANG_WARN_COMMA = YES;
				CLANG_WARN_CONSTANT_CONVERSION = YES;
				CLANG_WARN_DEPRECATED_OBJC_IMPLEMENTATIONS = YES;
				CLANG_WARN_DIRECT_OBJC_ISA_USAGE = YES_ERROR;
				CLANG_WARN_DOCUMENTATION_COMMENTS = YES;
				CLANG_WARN_EMPTY_BODY = YES;
				CLANG_WARN_ENUM_CONVERSION = YES;
				CLANG_WARN_INFINITE_RECURSION = YES;
				CLANG_WARN_INT_CONVERSION = YES;
				CLANG_WARN_NON_LITERAL_NULL_CONVERSION = YES;
				CLANG_WARN_OBJC_IMPLICIT_RETAIN_SELF = YES;
				CLANG_WARN_OBJC_LITERAL_CONVERSION = YES;
				CLANG_WARN_OBJC_ROOT_CLASS = YES_ERROR;
				CLANG_WARN_QUOTED_INCLUDE_IN_FRAMEWORK_HEADER = YES;
				CLANG_WARN_RANGE_LOOP_ANALYSIS = YES;
				CLANG_WARN_STRICT_PROTOTYPES = YES;
				CLANG_WARN_SUSPICIOUS_MOVE = YES;
				CLANG_WARN_UNGUARDED_AVAILABILITY = YES_AGGRESSIVE;
				CLANG_WARN_UNREACHABLE_CODE = YES;
				CLANG_WARN__DUPLICATE_METHOD_MATCH = YES;
				COPY_PHASE_STRIP = NO;
				DEBUG_INFORMATION_FORMAT = "dwarf-with-dsym";
				ENABLE_NS_ASSERTIONS = NO;
				ENABLE_STRICT_OBJC_MSGSEND = YES;
				ENABLE_USER_SCRIPT_SANDBOXING = YES;
				GCC_C_LANGUAGE_STANDARD = gnu17;
				GCC_NO_COMMON_BLOCKS = YES;
				GCC_WARN_64_TO_32_BIT_CONVERSION = YES;
				GCC_WARN_ABOUT_RETURN_TYPE = YES_ERROR;
				GCC_WARN_UNDECLARED_SELECTOR = YES;
				GCC_WARN_UNINITIALIZED_AUTOS = YES_AGGRESSIVE;
				GCC_WARN_UNUSED_FUNCTION = YES;
				GCC_WARN_UNUSED_VARIABLE = YES;
				LOCALIZATION_PREFERS_STRING_CATALOGS = YES;
				MACOSX_DEPLOYMENT_TARGET = 13.0;
				MTL_ENABLE_DEBUG_INFO = NO;
				MTL_FAST_MATH = YES;
				SDKROOT = macosx;
				SWIFT_COMPILATION_MODE = wholemodule;
			};
			name = Release;
		};
		8A4DB28E2ACEDB4700757685 /* Debug */ = {
			isa = XCBuildConfiguration;
			buildSettings = {
				ASSETCATALOG_COMPILER_APPICON_NAME = AppIcon;
				ASSETCATALOG_COMPILER_GLOBAL_ACCENT_COLOR_NAME = AccentColor;
				CODE_SIGN_ENTITLEMENTS = DemoAppSwiftUI/DemoAppSwiftUI.entitlements;
				CODE_SIGN_STYLE = Automatic;
				COMBINE_HIDPI_IMAGES = YES;
				CURRENT_PROJECT_VERSION = 1;
				DEVELOPMENT_ASSET_PATHS = "\"DemoAppSwiftUI/Preview Content\"";
				ENABLE_PREVIEWS = YES;
				GENERATE_INFOPLIST_FILE = YES;
				INFOPLIST_KEY_NSHumanReadableCopyright = "";
				LD_RUNPATH_SEARCH_PATHS = (
					"$(inherited)",
					"@executable_path/../Frameworks",
				);
				MARKETING_VERSION = 1.0;
				PRODUCT_BUNDLE_IDENTIFIER = best.swift.DemoAppSwiftUI;
				PRODUCT_NAME = "$(TARGET_NAME)";
				SWIFT_EMIT_LOC_STRINGS = YES;
				SWIFT_VERSION = 5.0;
			};
			name = Debug;
		};
		8A4DB28F2ACEDB4700757685 /* Release */ = {
			isa = XCBuildConfiguration;
			buildSettings = {
				ASSETCATALOG_COMPILER_APPICON_NAME = AppIcon;
				ASSETCATALOG_COMPILER_GLOBAL_ACCENT_COLOR_NAME = AccentColor;
				CODE_SIGN_ENTITLEMENTS = DemoAppSwiftUI/DemoAppSwiftUI.entitlements;
				CODE_SIGN_STYLE = Automatic;
				COMBINE_HIDPI_IMAGES = YES;
				CURRENT_PROJECT_VERSION = 1;
				DEVELOPMENT_ASSET_PATHS = "\"DemoAppSwiftUI/Preview Content\"";
				ENABLE_PREVIEWS = YES;
				GENERATE_INFOPLIST_FILE = YES;
				INFOPLIST_KEY_NSHumanReadableCopyright = "";
				LD_RUNPATH_SEARCH_PATHS = (
					"$(inherited)",
					"@executable_path/../Frameworks",
				);
				MARKETING_VERSION = 1.0;
				PRODUCT_BUNDLE_IDENTIFIER = best.swift.DemoAppSwiftUI;
				PRODUCT_NAME = "$(TARGET_NAME)";
				SWIFT_EMIT_LOC_STRINGS = YES;
				SWIFT_VERSION = 5.0;
			};
			name = Release;
		};
/* End XCBuildConfiguration section */

/* Begin XCConfigurationList section */
		8A4DB2792ACEDB4600757685 /* Build configuration list for PBXProject "DemoAppSwiftUI" */ = {
			isa = XCConfigurationList;
			buildConfigurations = (
				8A4DB28B2ACEDB4700757685 /* Debug */,
				8A4DB28C2ACEDB4700757685 /* Release */,
			);
			defaultConfigurationIsVisible = 0;
			defaultConfigurationName = Release;
		};
		8A4DB28D2ACEDB4700757685 /* Build configuration list for PBXNativeTarget "DemoAppSwiftUI" */ = {
			isa = XCConfigurationList;
			buildConfigurations = (
				8A4DB28E2ACEDB4700757685 /* Debug */,
				8A4DB28F2ACEDB4700757685 /* Release */,
			);
			defaultConfigurationIsVisible = 0;
			defaultConfigurationName = Release;
		};
/* End XCConfigurationList section */

/* Begin XCRemoteSwiftPackageReference section */
		75CB31032ACF2A60007E814A /* XCRemoteSwiftPackageReference "STTextView" */ = {
			isa = XCRemoteSwiftPackageReference;
			repositoryURL = "https://github.com/krzyzanowskim/STTextView";
			requirement = {
				kind = upToNextMajorVersion;
				minimumVersion = 1.0.0;
			};
		};
/* End XCRemoteSwiftPackageReference section */

/* Begin XCSwiftPackageProductDependency section */
		75BCCB972C6E0F0200B132FB /* STTextView-Plugin-Neon */ = {
			isa = XCSwiftPackageProductDependency;
			productName = "STTextView-Plugin-Neon";
		};
		75BCCB992C6E0F0200B132FB /* STTextView */ = {
			isa = XCSwiftPackageProductDependency;
			package = 75CB31032ACF2A60007E814A /* XCRemoteSwiftPackageReference "STTextView" */;
			productName = STTextView;
		};
/* End XCSwiftPackageProductDependency section */
	};
	rootObject = 8A4DB2762ACEDB4600757685 /* Project object */;
}
